
Microsoft Visual Studio Solution File, Format Version 12.00
# Visual Studio Version 16
VisualStudioVersion = 16.0.31129.286
MinimumVisualStudioVersion = 10.0.40219.1
Project("{FAE04EC0-301F-11D3-BF4B-00C04F79EFBC}") = "bookbookiev11", "bookbookiev11\bookbookiev11.csproj", "{53C5BC91-D5D2-40DA-80E5-BD2FF523156E}"
EndProject
Global
	GlobalSection(SolutionConfigurationPlatforms) = preSolution
		Debug|Any CPU = Debug|Any CPU
		Release|Any CPU = Release|Any CPU
	EndGlobalSection
	GlobalSection(ProjectConfigurationPlatforms) = postSolution
		{53C5BC91-D5D2-40DA-80E5-BD2FF523156E}.Debug|Any CPU.ActiveCfg = Debug|Any CPU
		{53C5BC91-D5D2-40DA-80E5-BD2FF523156E}.Debug|Any CPU.Build.0 = Debug|Any CPU
		{53C5BC91-D5D2-40DA-80E5-BD2FF523156E}.Release|Any CPU.ActiveCfg = Release|Any CPU
		{53C5BC91-D5D2-40DA-80E5-BD2FF523156E}.Release|Any CPU.Build.0 = Release|Any CPU
	EndGlobalSection
	GlobalSection(SolutionProperties) = preSolution
		HideSolutionNode = FALSE
	EndGlobalSection
	GlobalSection(ExtensibilityGlobals) = postSolution
		SolutionGuid = {1BF734BF-6972-4070-90E6-96FA6FCA0F2D}
	EndGlobalSection
EndGlobal
